
Microsoft Visual Studio Solution File, Format Version 12.00
# Visual Studio Version 17
VisualStudioVersion = 17.12.35209.166
MinimumVisualStudioVersion = 10.0.40219.1
Project("{FAE04EC0-301F-11D3-BF4B-00C04F79EFBC}") = "shop", "shop\shop.csproj", "{DB1C7B3E-0DCC-4CEF-9B92-9AFBCB5C9172}"
EndProject
Global
	GlobalSection(SolutionConfigurationPlatforms) = preSolution
		Debug|Any CPU = Debug|Any CPU
		Release|Any CPU = Release|Any CPU
	EndGlobalSection
	GlobalSection(ProjectConfigurationPlatforms) = postSolution
		{DB1C7B3E-0DCC-4CEF-9B92-9AFBCB5C9172}.Debug|Any CPU.ActiveCfg = Debug|Any CPU
		{DB1C7B3E-0DCC-4CEF-9B92-9AFBCB5C9172}.Debug|Any CPU.Build.0 = Debug|Any CPU
		{DB1C7B3E-0DCC-4CEF-9B92-9AFBCB5C9172}.Release|Any CPU.ActiveCfg = Release|Any CPU
		{DB1C7B3E-0DCC-4CEF-9B92-9AFBCB5C9172}.Release|Any CPU.Build.0 = Release|Any CPU
	EndGlobalSection
	GlobalSection(SolutionProperties) = preSolution
		HideSolutionNode = FALSE
	EndGlobalSection
	GlobalSection(ExtensibilityGlobals) = postSolution
		SolutionGuid = {ABBFF383-2524-4281-A510-A0CA4D5F292F}
	EndGlobalSection
EndGlobal
